
Microsoft Visual Studio Solution File, Format Version 12.00
# Visual Studio Version 16
VisualStudioVersion = 16.0.29613.14
MinimumVisualStudioVersion = 10.0.40219.1
Project("{FAE04EC0-301F-11D3-BF4B-00C04F79EFBC}") = "BattleShips", "BattleShips.csproj", "{65515C07-5A0A-4800-B95B-9EE0CDB13D9C}"
EndProject
Global
	GlobalSection(SolutionConfigurationPlatforms) = preSolution
		Debug|Any CPU = Debug|Any CPU
		Release|Any CPU = Release|Any CPU
	EndGlobalSection
	GlobalSection(ProjectConfigurationPlatforms) = postSolution
		{65515C07-5A0A-4800-B95B-9EE0CDB13D9C}.Debug|Any CPU.ActiveCfg = Debug|Any CPU
		{65515C07-5A0A-4800-B95B-9EE0CDB13D9C}.Debug|Any CPU.Build.0 = Debug|Any CPU
		{65515C07-5A0A-4800-B95B-9EE0CDB13D9C}.Release|Any CPU.ActiveCfg = Release|Any CPU
		{65515C07-5A0A-4800-B95B-9EE0CDB13D9C}.Release|Any CPU.Build.0 = Release|Any CPU
	EndGlobalSection
	GlobalSection(SolutionProperties) = preSolution
		HideSolutionNode = FALSE
	EndGlobalSection
	GlobalSection(ExtensibilityGlobals) = postSolution
		SolutionGuid = {91B4C39D-FBDE-469B-9DE0-E8AF9B6A17F0}
	EndGlobalSection
EndGlobal
